
Microsoft Visual Studio Solution File, Format Version 12.00
# Visual Studio Version 16
VisualStudioVersion = 16.0.29001.49
MinimumVisualStudioVersion = 10.0.40219.1
Project("{FAE04EC0-301F-11D3-BF4B-00C04F79EFBC}") = "Shop.Common", "Shop.Common\Shop.Common.csproj", "{13E7DF22-4095-4192-9C47-83A4B6F8CA17}"
EndProject
Global
	GlobalSection(SolutionConfigurationPlatforms) = preSolution
		Debug|Any CPU = Debug|Any CPU
		Release|Any CPU = Release|Any CPU
	EndGlobalSection
	GlobalSection(ProjectConfigurationPlatforms) = postSolution
		{13E7DF22-4095-4192-9C47-83A4B6F8CA17}.Debug|Any CPU.ActiveCfg = Debug|Any CPU
		{13E7DF22-4095-4192-9C47-83A4B6F8CA17}.Debug|Any CPU.Build.0 = Debug|Any CPU
		{13E7DF22-4095-4192-9C47-83A4B6F8CA17}.Release|Any CPU.ActiveCfg = Release|Any CPU
		{13E7DF22-4095-4192-9C47-83A4B6F8CA17}.Release|Any CPU.Build.0 = Release|Any CPU
	EndGlobalSection
	GlobalSection(SolutionProperties) = preSolution
		HideSolutionNode = FALSE
	EndGlobalSection
	GlobalSection(ExtensibilityGlobals) = postSolution
		SolutionGuid = {501AB4FA-C6DF-4430-A120-8B5C30C26E91}
	EndGlobalSection
EndGlobal
