
Microsoft Visual Studio Solution File, Format Version 12.00
# Visual Studio Version 16
VisualStudioVersion = 16.0.29001.49
MinimumVisualStudioVersion = 10.0.40219.1
Project("{9A19103F-16F7-4668-BE54-9A1E7A4F7556}") = "Shop.Common", "Shop.Common\Shop.Common.csproj", "{13E7DF22-4095-4192-9C47-83A4B6F8CA17}"
EndProject
Project("{2150E333-8FDC-42A3-9474-1A3956D46DE8}") = "Backend", "Backend", "{1B00A1E4-C093-4440-AD98-4FD9BE9F1FCA}"
EndProject
Project("{2150E333-8FDC-42A3-9474-1A3956D46DE8}") = "Frondend", "Frondend", "{EF72F045-D712-4864-886B-37A2CEB32ED7}"
EndProject
Project("{9A19103F-16F7-4668-BE54-9A1E7A4F7556}") = "Shop.Web", "Shop.Web\Shop.Web.csproj", "{3AA750A8-29AC-4FA2-8D47-F829D2FF51FA}"
EndProject
Project("{2150E333-8FDC-42A3-9474-1A3956D46DE8}") = "Classic", "Classic", "{9B9A81AA-EE05-49CE-A02B-B52CD09C758A}"
EndProject
Project("{2150E333-8FDC-42A3-9474-1A3956D46DE8}") = "Forms", "Forms", "{99C27DB8-66A6-4DDA-8C7A-06B1F136F185}"
EndProject
Global
	GlobalSection(SolutionConfigurationPlatforms) = preSolution
		Debug|Any CPU = Debug|Any CPU
		Debug|iPhone = Debug|iPhone
		Debug|iPhoneSimulator = Debug|iPhoneSimulator
		Release|Any CPU = Release|Any CPU
		Release|iPhone = Release|iPhone
		Release|iPhoneSimulator = Release|iPhoneSimulator
	EndGlobalSection
	GlobalSection(ProjectConfigurationPlatforms) = postSolution
		{13E7DF22-4095-4192-9C47-83A4B6F8CA17}.Debug|Any CPU.ActiveCfg = Debug|Any CPU
		{13E7DF22-4095-4192-9C47-83A4B6F8CA17}.Debug|Any CPU.Build.0 = Debug|Any CPU
		{13E7DF22-4095-4192-9C47-83A4B6F8CA17}.Debug|iPhone.ActiveCfg = Debug|Any CPU
		{13E7DF22-4095-4192-9C47-83A4B6F8CA17}.Debug|iPhone.Build.0 = Debug|Any CPU
		{13E7DF22-4095-4192-9C47-83A4B6F8CA17}.Debug|iPhoneSimulator.ActiveCfg = Debug|Any CPU
		{13E7DF22-4095-4192-9C47-83A4B6F8CA17}.Debug|iPhoneSimulator.Build.0 = Debug|Any CPU
		{13E7DF22-4095-4192-9C47-83A4B6F8CA17}.Release|Any CPU.ActiveCfg = Release|Any CPU
		{13E7DF22-4095-4192-9C47-83A4B6F8CA17}.Release|Any CPU.Build.0 = Release|Any CPU
		{13E7DF22-4095-4192-9C47-83A4B6F8CA17}.Release|iPhone.ActiveCfg = Release|Any CPU
		{13E7DF22-4095-4192-9C47-83A4B6F8CA17}.Release|iPhone.Build.0 = Release|Any CPU
		{13E7DF22-4095-4192-9C47-83A4B6F8CA17}.Release|iPhoneSimulator.ActiveCfg = Release|Any CPU
		{13E7DF22-4095-4192-9C47-83A4B6F8CA17}.Release|iPhoneSimulator.Build.0 = Release|Any CPU
		{3AA750A8-29AC-4FA2-8D47-F829D2FF51FA}.Debug|Any CPU.ActiveCfg = Debug|Any CPU
		{3AA750A8-29AC-4FA2-8D47-F829D2FF51FA}.Debug|Any CPU.Build.0 = Debug|Any CPU
		{3AA750A8-29AC-4FA2-8D47-F829D2FF51FA}.Debug|iPhone.ActiveCfg = Debug|Any CPU
		{3AA750A8-29AC-4FA2-8D47-F829D2FF51FA}.Debug|iPhone.Build.0 = Debug|Any CPU
		{3AA750A8-29AC-4FA2-8D47-F829D2FF51FA}.Debug|iPhoneSimulator.ActiveCfg = Debug|Any CPU
		{3AA750A8-29AC-4FA2-8D47-F829D2FF51FA}.Debug|iPhoneSimulator.Build.0 = Debug|Any CPU
		{3AA750A8-29AC-4FA2-8D47-F829D2FF51FA}.Release|Any CPU.ActiveCfg = Release|Any CPU
		{3AA750A8-29AC-4FA2-8D47-F829D2FF51FA}.Release|Any CPU.Build.0 = Release|Any CPU
		{3AA750A8-29AC-4FA2-8D47-F829D2FF51FA}.Release|iPhone.ActiveCfg = Release|Any CPU
		{3AA750A8-29AC-4FA2-8D47-F829D2FF51FA}.Release|iPhone.Build.0 = Release|Any CPU
		{3AA750A8-29AC-4FA2-8D47-F829D2FF51FA}.Release|iPhoneSimulator.ActiveCfg = Release|Any CPU
		{3AA750A8-29AC-4FA2-8D47-F829D2FF51FA}.Release|iPhoneSimulator.Build.0 = Release|Any CPU
	EndGlobalSection
	GlobalSection(SolutionProperties) = preSolution
		HideSolutionNode = FALSE
	EndGlobalSection
	GlobalSection(NestedProjects) = preSolution
		{3AA750A8-29AC-4FA2-8D47-F829D2FF51FA} = {1B00A1E4-C093-4440-AD98-4FD9BE9F1FCA}
		{9B9A81AA-EE05-49CE-A02B-B52CD09C758A} = {EF72F045-D712-4864-886B-37A2CEB32ED7}
		{99C27DB8-66A6-4DDA-8C7A-06B1F136F185} = {EF72F045-D712-4864-886B-37A2CEB32ED7}
	EndGlobalSection
	GlobalSection(ExtensibilityGlobals) = postSolution
		SolutionGuid = {501AB4FA-C6DF-4430-A120-8B5C30C26E91}
	EndGlobalSection
EndGlobal
